
Microsoft Visual Studio Solution File, Format Version 12.00
# Visual Studio 15
VisualStudioVersion = 15.0.27703.2018
MinimumVisualStudioVersion = 10.0.40219.1
Project("{8BC9CEB8-8B4A-11D0-8D11-00A0C91BC942}") = "2_1_ksis_09", "2_1_ksis_09.vcxproj", "{E7299C48-EB7D-4C19-9F18-7997A05E850F}"
EndProject
Global
	GlobalSection(SolutionConfigurationPlatforms) = preSolution
		Debug|x64 = Debug|x64
		Debug|x86 = Debug|x86
		Release|x64 = Release|x64
		Release|x86 = Release|x86
	EndGlobalSection
	GlobalSection(ProjectConfigurationPlatforms) = postSolution
		{E7299C48-EB7D-4C19-9F18-7997A05E850F}.Debug|x64.ActiveCfg = Debug|x64
		{E7299C48-EB7D-4C19-9F18-7997A05E850F}.Debug|x64.Build.0 = Debug|x64
		{E7299C48-EB7D-4C19-9F18-7997A05E850F}.Debug|x86.ActiveCfg = Debug|Win32
		{E7299C48-EB7D-4C19-9F18-7997A05E850F}.Debug|x86.Build.0 = Debug|Win32
		{E7299C48-EB7D-4C19-9F18-7997A05E850F}.Release|x64.ActiveCfg = Release|x64
		{E7299C48-EB7D-4C19-9F18-7997A05E850F}.Release|x64.Build.0 = Release|x64
		{E7299C48-EB7D-4C19-9F18-7997A05E850F}.Release|x86.ActiveCfg = Release|Win32
		{E7299C48-EB7D-4C19-9F18-7997A05E850F}.Release|x86.Build.0 = Release|Win32
	EndGlobalSection
	GlobalSection(SolutionProperties) = preSolution
		HideSolutionNode = FALSE
	EndGlobalSection
	GlobalSection(ExtensibilityGlobals) = postSolution
		SolutionGuid = {D73D0DA3-2764-4B93-90DD-00A354CFD50F}
	EndGlobalSection
EndGlobal
